{
  "nodes": {
    "dwl-source": {
      "flake": false,
      "locked": {
        "lastModified": 1734761576,
        "narHash": "sha256-jTw0eVX+IXyohAQ7/Hbsed9E4k/lAWmlrJ5Tilk5wNA=",
        "path": "/home/sui/Src/dwl-fork",
        "type": "path"
      },
      "original": {
        "path": "/home/sui/Src/dwl-fork",
        "type": "path"
      }
    },
    "dwlb-source": {
      "flake": false,
      "locked": {
        "lastModified": 1734751267,
        "narHash": "sha256-pSpv1DlLCon/i9KVHS8VyNPf6MYn3y1YVNtMiS/+ELU=",
        "path": "/home/sui/Src/dwlb-fork",
        "type": "path"
      },
      "original": {
        "path": "/home/sui/Src/dwlb-fork",
        "type": "path"
      }
    },
    "home-manager": {
      "inputs": {
        "nixpkgs": [
          "nixpkgs"
        ]
      },
      "locked": {
        "lastModified": 1734622215,
        "narHash": "sha256-OOfI0XhSJGHblfdNDhfnn8QnZxng63rWk9eeJ2tCbiI=",
        "owner": "nix-community",
        "repo": "home-manager",
        "rev": "1395379a7a36e40f2a76e7b9936cc52950baa1be",
        "type": "github"
      },
      "original": {
        "owner": "nix-community",
        "repo": "home-manager",
        "type": "github"
      }
    },
    "nixpkgs": {
      "locked": {
        "lastModified": 1734424634,
        "narHash": "sha256-cHar1vqHOOyC7f1+tVycPoWTfKIaqkoe1Q6TnKzuti4=",
        "owner": "nixos",
        "repo": "nixpkgs",
        "rev": "d3c42f187194c26d9f0309a8ecc469d6c878ce33",
        "type": "github"
      },
      "original": {
        "owner": "nixos",
        "ref": "nixos-unstable",
        "repo": "nixpkgs",
        "type": "github"
      }
    },
    "nixpkgs-stable": {
      "locked": {
        "lastModified": 1734529975,
        "narHash": "sha256-ze3IJksru9dN0keqUxY0WNf8xrwfs8Ty/z9v/keyBbg=",
        "owner": "nixos",
        "repo": "nixpkgs",
        "rev": "72d11d40b9878a67c38f003c240c2d2e1811e72a",
        "type": "github"
      },
      "original": {
        "owner": "nixos",
        "ref": "nixos-24.05",
        "repo": "nixpkgs",
        "type": "github"
      }
    },
    "root": {
      "inputs": {
        "dwl-source": "dwl-source",
        "dwlb-source": "dwlb-source",
        "home-manager": "home-manager",
        "nixpkgs": "nixpkgs",
        "nixpkgs-stable": "nixpkgs-stable",
        "slstatus-source": "slstatus-source"
      }
    },
    "slstatus-source": {
      "flake": false,
      "locked": {
        "lastModified": 1734751274,
        "narHash": "sha256-uKFSbD+LzgbZX7oao8cGW3/+OViN3/HEYESvqfr7zEY=",
        "path": "/home/sui/Src/slstatus-fork",
        "type": "path"
      },
      "original": {
        "path": "/home/sui/Src/slstatus-fork",
        "type": "path"
      }
    }
  },
  "root": "root",
  "version": 7
}
