{
  "nodes": {
    "dwl-source": {
      "flake": false,
      "locked": {
        "lastModified": 1734831640,
        "narHash": "sha256-j5sKYt9qrAvLdw7xk1keLmkEssz4+HFaKBxtirlOXHk=",
        "path": "/home/sui/Src/dwl-fork",
        "type": "path"
      },
      "original": {
        "path": "/home/sui/Src/dwl-fork",
        "type": "path"
      }
    },
    "dwlb-source": {
      "flake": false,
      "locked": {
        "lastModified": 1734816603,
        "narHash": "sha256-iVxzmHGCUxzvfVJoNNevLI/vkCHF900nCCr+RaEnSko=",
        "path": "/home/sui/Src/dwlb-fork",
        "type": "path"
      },
      "original": {
        "path": "/home/sui/Src/dwlb-fork",
        "type": "path"
      }
    },
    "home-manager": {
      "inputs": {
        "nixpkgs": [
          "nixpkgs"
        ]
      },
      "locked": {
        "lastModified": 1734821669,
        "narHash": "sha256-F7Z2tIJsUEhErpK0sGMep4xG/eTVuK2eBpvgh3cS2H8=",
        "owner": "nix-community",
        "repo": "home-manager",
        "rev": "51160a097a850839b7eae7ef08d0d3e7e353dfc3",
        "type": "github"
      },
      "original": {
        "owner": "nix-community",
        "repo": "home-manager",
        "type": "github"
      }
    },
    "nixpkgs": {
      "locked": {
        "lastModified": 1734649271,
        "narHash": "sha256-4EVBRhOjMDuGtMaofAIqzJbg4Ql7Ai0PSeuVZTHjyKQ=",
        "owner": "nixos",
        "repo": "nixpkgs",
        "rev": "d70bd19e0a38ad4790d3913bf08fcbfc9eeca507",
        "type": "github"
      },
      "original": {
        "owner": "nixos",
        "ref": "nixos-unstable",
        "repo": "nixpkgs",
        "type": "github"
      }
    },
    "nixpkgs-stable": {
      "locked": {
        "lastModified": 1734529975,
        "narHash": "sha256-ze3IJksru9dN0keqUxY0WNf8xrwfs8Ty/z9v/keyBbg=",
        "owner": "nixos",
        "repo": "nixpkgs",
        "rev": "72d11d40b9878a67c38f003c240c2d2e1811e72a",
        "type": "github"
      },
      "original": {
        "owner": "nixos",
        "ref": "nixos-24.05",
        "repo": "nixpkgs",
        "type": "github"
      }
    },
    "root": {
      "inputs": {
        "dwl-source": "dwl-source",
        "dwlb-source": "dwlb-source",
        "home-manager": "home-manager",
        "nixpkgs": "nixpkgs",
        "nixpkgs-stable": "nixpkgs-stable",
        "slstatus-source": "slstatus-source"
      }
    },
    "slstatus-source": {
      "flake": false,
      "locked": {
        "lastModified": 1734816611,
        "narHash": "sha256-FG3odiq8k30cbubEiLvZbe+EO26iZ3p7c5P9Sn087JE=",
        "path": "/home/sui/Src/slstatus-fork",
        "type": "path"
      },
      "original": {
        "path": "/home/sui/Src/slstatus-fork",
        "type": "path"
      }
    }
  },
  "root": "root",
  "version": 7
}
